<?xml version="1.0" encoding="utf-8"?>
<Project ToolsVersion="4.0" xmlns="http://schemas.microsoft.com/developer/msbuild/2003">
  <ItemGroup>
    <Filter Include="Source Files">
      <UniqueIdentifier>{07bb7b54-0b8e-456e-9c42-69c9757188bb}</UniqueIdentifier>
      <Extensions>cpp;c;cxx;rc;def;r;odl;idl;hpj;bat</Extensions>
    </Filter>
    <Filter Include="Header Files">
      <UniqueIdentifier>{79c1adcd-c67e-46b4-8b5e-c6e83031d1c9}</UniqueIdentifier>
      <Extensions>h;hpp;hxx;hm;inl</Extensions>
    </Filter>
    <Filter Include="Resource Files">
      <UniqueIdentifier>{10d132e4-b00d-43c8-9adc-325a653ee32e}</UniqueIdentifier>
      <Extensions>ico;cur;bmp;dlg;rc2;rct;bin;rgs;gif;jpg;jpeg;jpe</Extensions>
    </Filter>
  </ItemGroup>
  <ItemGroup>
    <ClCompile Include="126S_45V_Switch_App.cpp">
      <Filter>Source Files</Filter>
    </ClCompile>
    <ClCompile Include="126S_45V_Switch_AppDlg.cpp">
      <Filter>Source Files</Filter>
    </ClCompile>
    <ClCompile Include="CMy1830C.cpp">
      <Filter>Source Files</Filter>
    </ClCompile>
    <ClCompile Include="ColorListBox.cpp">
      <Filter>Source Files</Filter>
    </ClCompile>
    <ClCompile Include="Command.cpp">
      <Filter>Source Files</Filter>
    </ClCompile>
    <ClCompile Include="CommandForFUJ.cpp">
      <Filter>Source Files</Filter>
    </ClCompile>
    <ClCompile Include="excel9.cpp">
      <Filter>Source Files</Filter>
    </ClCompile>
    <ClCompile Include="font.cpp">
      <Filter>Source Files</Filter>
    </ClCompile>
    <ClCompile Include="ntgraph1.cpp">
      <Filter>Source Files</Filter>
    </ClCompile>
    <ClCompile Include="OpComm.cpp">
      <Filter>Source Files</Filter>
    </ClCompile>
    <ClCompile Include="OpCRC32.cpp">
      <Filter>Source Files</Filter>
    </ClCompile>
    <ClCompile Include="opnet.cpp">
      <Filter>Source Files</Filter>
    </ClCompile>
    <ClCompile Include="opslot.cpp">
      <Filter>Source Files</Filter>
    </ClCompile>
    <ClCompile Include="picture.cpp">
      <Filter>Source Files</Filter>
    </ClCompile>
    <ClCompile Include="R152Set.cpp">
      <Filter>Source Files</Filter>
    </ClCompile>
    <ClCompile Include="SelectCH.cpp">
      <Filter>Source Files</Filter>
    </ClCompile>
    <ClCompile Include="SrcBankSocket.cpp">
      <Filter>Source Files</Filter>
    </ClCompile>
    <ClCompile Include="StdAfx.cpp">
      <Filter>Source Files</Filter>
    </ClCompile>
    <ClCompile Include="TestRL.cpp">
      <Filter>Source Files</Filter>
    </ClCompile>
    <ClCompile Include="XMLControl.cpp">
      <Filter>Source Files</Filter>
    </ClCompile>
    <ClCompile Include="cFusionClass.cpp">
      <Filter>Source Files</Filter>
    </ClCompile>
  </ItemGroup>
  <ItemGroup>
    <ResourceCompile Include="126S_45V_Switch_App.rc">
      <Filter>Source Files</Filter>
    </ResourceCompile>
  </ItemGroup>
  <ItemGroup>
    <ClInclude Include="126S_45V_Switch_App.h">
      <Filter>Header Files</Filter>
    </ClInclude>
    <ClInclude Include="126S_45V_Switch_AppDlg.h">
      <Filter>Header Files</Filter>
    </ClInclude>
    <ClInclude Include="126sDataType.h">
      <Filter>Header Files</Filter>
    </ClInclude>
    <ClInclude Include="CMy1830C.h">
      <Filter>Header Files</Filter>
    </ClInclude>
    <ClInclude Include="ColorListBox.h">
      <Filter>Header Files</Filter>
    </ClInclude>
    <ClInclude Include="Command.h">
      <Filter>Header Files</Filter>
    </ClInclude>
    <ClInclude Include="CommandForFUJ.h">
      <Filter>Header Files</Filter>
    </ClInclude>
    <ClInclude Include="DataDefine.h">
      <Filter>Header Files</Filter>
    </ClInclude>
    <ClInclude Include="excel9.h">
      <Filter>Header Files</Filter>
    </ClInclude>
    <ClInclude Include="font.h">
      <Filter>Header Files</Filter>
    </ClInclude>
    <ClInclude Include="ntgraph.h">
      <Filter>Header Files</Filter>
    </ClInclude>
    <ClInclude Include="ntgraph1.h">
      <Filter>Header Files</Filter>
    </ClInclude>
    <ClInclude Include="OpComm.h">
      <Filter>Header Files</Filter>
    </ClInclude>
    <ClInclude Include="opconst.h">
      <Filter>Header Files</Filter>
    </ClInclude>
    <ClInclude Include="OpCRC32.h">
      <Filter>Header Files</Filter>
    </ClInclude>
    <ClInclude Include="opnet.h">
      <Filter>Header Files</Filter>
    </ClInclude>
    <ClInclude Include="opslot.h">
      <Filter>Header Files</Filter>
    </ClInclude>
    <ClInclude Include="picture.h">
      <Filter>Header Files</Filter>
    </ClInclude>
    <ClInclude Include="R152Set.h">
      <Filter>Header Files</Filter>
    </ClInclude>
    <ClInclude Include="Resource.h">
      <Filter>Header Files</Filter>
    </ClInclude>
    <ClInclude Include="SelectCH.h">
      <Filter>Header Files</Filter>
    </ClInclude>
    <ClInclude Include="SrcBankSocket.h">
      <Filter>Header Files</Filter>
    </ClInclude>
    <ClInclude Include="StdAfx.h">
      <Filter>Header Files</Filter>
    </ClInclude>
    <ClInclude Include="TestRL.h">
      <Filter>Header Files</Filter>
    </ClInclude>
    <ClInclude Include="Version.h">
      <Filter>Header Files</Filter>
    </ClInclude>
    <ClInclude Include="XMLControl.h">
      <Filter>Header Files</Filter>
    </ClInclude>
    <ClInclude Include="cFusionClass.h">
      <Filter>Header Files</Filter>
    </ClInclude>
  </ItemGroup>
  <ItemGroup>
    <Image Include="res\126S_45V_Switch_App.ico">
      <Filter>Resource Files</Filter>
    </Image>
  </ItemGroup>
  <ItemGroup>
    <Text Include="ReadMe.txt" />
  </ItemGroup>
  <ItemGroup>
    <CustomBuild Include="res\126S_45V_Switch_App.rc2">
      <Filter>Resource Files</Filter>
    </CustomBuild>
  </ItemGroup>
</Project>